
Microsoft Visual Studio Solution File, Format Version 12.00
# Visual Studio Version 17
VisualStudioVersion = 17.9.34728.123
MinimumVisualStudioVersion = 10.0.40219.1
Project("{FAE04EC0-301F-11D3-BF4B-00C04F79EFBC}") = "HotelListing.API", "HotelListing.API\HotelListing.API.csproj", "{EC2D8109-BD0F-4EFA-A6E0-AE1C50353595}"
EndProject
Project("{FAE04EC0-301F-11D3-BF4B-00C04F79EFBC}") = "HotelListing.MinimalAPI", "HotelListing.MinimalAPI\HotelListing.MinimalAPI.csproj", "{C3B27D91-3473-4CCF-9AB7-3135E7321318}"
EndProject
Global
	GlobalSection(SolutionConfigurationPlatforms) = preSolution
		Debug|Any CPU = Debug|Any CPU
		Release|Any CPU = Release|Any CPU
	EndGlobalSection
	GlobalSection(ProjectConfigurationPlatforms) = postSolution
		{EC2D8109-BD0F-4EFA-A6E0-AE1C50353595}.Debug|Any CPU.ActiveCfg = Debug|Any CPU
		{EC2D8109-BD0F-4EFA-A6E0-AE1C50353595}.Debug|Any CPU.Build.0 = Debug|Any CPU
		{EC2D8109-BD0F-4EFA-A6E0-AE1C50353595}.Release|Any CPU.ActiveCfg = Release|Any CPU
		{EC2D8109-BD0F-4EFA-A6E0-AE1C50353595}.Release|Any CPU.Build.0 = Release|Any CPU
		{C3B27D91-3473-4CCF-9AB7-3135E7321318}.Debug|Any CPU.ActiveCfg = Debug|Any CPU
		{C3B27D91-3473-4CCF-9AB7-3135E7321318}.Debug|Any CPU.Build.0 = Debug|Any CPU
		{C3B27D91-3473-4CCF-9AB7-3135E7321318}.Release|Any CPU.ActiveCfg = Release|Any CPU
		{C3B27D91-3473-4CCF-9AB7-3135E7321318}.Release|Any CPU.Build.0 = Release|Any CPU
	EndGlobalSection
	GlobalSection(SolutionProperties) = preSolution
		HideSolutionNode = FALSE
	EndGlobalSection
	GlobalSection(ExtensibilityGlobals) = postSolution
		SolutionGuid = {1EFFCD6E-23FB-4C4F-8B75-42917E8CDF0C}
	EndGlobalSection
EndGlobal
